
Microsoft Visual Studio Solution File, Format Version 12.00
# Visual Studio Version 16
VisualStudioVersion = 16.0.33423.256
MinimumVisualStudioVersion = 10.0.40219.1
Project("{FAE04EC0-301F-11D3-BF4B-00C04F79EFBC}") = "SalesWebMvc", "SalesWebMvc\SalesWebMvc.csproj", "{CBA5EC0F-B1A8-4E79-B599-B049B7CEE80B}"
EndProject
Global
	GlobalSection(SolutionConfigurationPlatforms) = preSolution
		Debug|Any CPU = Debug|Any CPU
		Release|Any CPU = Release|Any CPU
	EndGlobalSection
	GlobalSection(ProjectConfigurationPlatforms) = postSolution
		{CBA5EC0F-B1A8-4E79-B599-B049B7CEE80B}.Debug|Any CPU.ActiveCfg = Debug|Any CPU
		{CBA5EC0F-B1A8-4E79-B599-B049B7CEE80B}.Debug|Any CPU.Build.0 = Debug|Any CPU
		{CBA5EC0F-B1A8-4E79-B599-B049B7CEE80B}.Release|Any CPU.ActiveCfg = Release|Any CPU
		{CBA5EC0F-B1A8-4E79-B599-B049B7CEE80B}.Release|Any CPU.Build.0 = Release|Any CPU
	EndGlobalSection
	GlobalSection(SolutionProperties) = preSolution
		HideSolutionNode = FALSE
	EndGlobalSection
	GlobalSection(ExtensibilityGlobals) = postSolution
		SolutionGuid = {D9646AD7-BEDE-447B-BF09-B72BA6B754B1}
	EndGlobalSection
EndGlobal
